
Microsoft Visual Studio Solution File, Format Version 12.00
# Visual Studio Version 17
VisualStudioVersion = 17.2.32526.322
MinimumVisualStudioVersion = 10.0.40219.1
Project("{FAE04EC0-301F-11D3-BF4B-00C04F79EFBC}") = "DualSenseV", "DualsenseV\DualSenseV.csproj", "{70D8697E-2415-4315-AFD9-838380E0420B}"
EndProject
Global
	GlobalSection(SolutionConfigurationPlatforms) = preSolution
		Debug|Any CPU = Debug|Any CPU
		Release|Any CPU = Release|Any CPU
	EndGlobalSection
	GlobalSection(ProjectConfigurationPlatforms) = postSolution
		{70D8697E-2415-4315-AFD9-838380E0420B}.Debug|Any CPU.ActiveCfg = Debug|Any CPU
		{70D8697E-2415-4315-AFD9-838380E0420B}.Debug|Any CPU.Build.0 = Debug|Any CPU
		{70D8697E-2415-4315-AFD9-838380E0420B}.Release|Any CPU.ActiveCfg = Release|Any CPU
		{70D8697E-2415-4315-AFD9-838380E0420B}.Release|Any CPU.Build.0 = Release|Any CPU
	EndGlobalSection
	GlobalSection(SolutionProperties) = preSolution
		HideSolutionNode = FALSE
	EndGlobalSection
	GlobalSection(ExtensibilityGlobals) = postSolution
		SolutionGuid = {B9C6B166-F582-4BC9-B74A-EE19C0268E83}
	EndGlobalSection
EndGlobal
